// !$*UTF8*$!
{
	archiveVersion = 1;
	classes = {
	};
	objectVersion = 77;
	objects = {

/* Begin PBXBuildFile section */
		013796CC03989DA1DF78B282 /* Asset.graphql.swift in Sources */ = {isa = PBXBuildFile; fileRef = 198672558793BBCEF70BF1C1 /* Asset.graphql.swift */; };
		03569771BED4D84C87CB94CE /* SearchRecordsInput.graphql.swift in Sources */ = {isa = PBXBuildFile; fileRef = 4F25C0C0876C7A0EC68CB4D9 /* SearchRecordsInput.graphql.swift */; };
		07F651C6692D2894F769642F /* DashXNotificationModels.swift in Sources */ = {isa = PBXBuildFile; fileRef = 4FE1EE084834640BB914A1F2 /* DashXNotificationModels.swift */; };
		09460548D9762A55346FB409 /* UUID.swift in Sources */ = {isa = PBXBuildFile; fileRef = 1505B1118198719A661176D9 /* UUID.swift */; };
		0A4B4B4DFA2EC6676EBC4AC1 /* TrackMessageMutation.graphql.swift in Sources */ = {isa = PBXBuildFile; fileRef = AE5A23326AD46A412AFB6353 /* TrackMessageMutation.graphql.swift */; };
		12EA69F51B88BAD49A971278 /* Constants.swift in Sources */ = {isa = PBXBuildFile; fileRef = 2B16FDB2C8F9591DC0317688 /* Constants.swift */; };
		13E61894BB9C79152753412F /* FetchStoredPreferencesResponse.graphql.swift in Sources */ = {isa = PBXBuildFile; fileRef = 398878A5D955FC46C8E9F36F /* FetchStoredPreferencesResponse.graphql.swift */; };
		160C08F3746EC415BA3ABCDC /* DashXBrowser.swift in Sources */ = {isa = PBXBuildFile; fileRef = E31471304B5E32062770726F /* DashXBrowser.swift */; };
		162ADB3D5D80FF5495B155B8 /* SystemContextAppInput.graphql.swift in Sources */ = {isa = PBXBuildFile; fileRef = 097DAE886334C1329E9F5C90 /* SystemContextAppInput.graphql.swift */; };
		25E5ECB5694843AD30E2A7AF /* EventQueue.swift in Sources */ = {isa = PBXBuildFile; fileRef = 7CEBCEBEFCEF16059765705E /* EventQueue.swift */; };
		287A57CFA38ED25F2FFD1141 /* FetchStoredPreferencesQuery.graphql.swift in Sources */ = {isa = PBXBuildFile; fileRef = 4B61DB55AD04B42081872D28 /* FetchStoredPreferencesQuery.graphql.swift */; };
		2BF932CA0A1725643D260065 /* SystemContextCampaignInput.graphql.swift in Sources */ = {isa = PBXBuildFile; fileRef = 5F28D79EF9208747F8C4F34E /* SystemContextCampaignInput.graphql.swift */; };
		333560D1DC2EEFBA628B261C /* DashXSceneDelegate.swift in Sources */ = {isa = PBXBuildFile; fileRef = 14D7489EA7020ABD5A5236DF /* DashXSceneDelegate.swift */; };
		33B46579509AE9112F719C5F /* FetchRecordInput.graphql.swift in Sources */ = {isa = PBXBuildFile; fileRef = 1251A1DD23E52CA6D8E171F5 /* FetchRecordInput.graphql.swift */; };
		3569109B954E91180069D820 /* AssetUploadStatus.graphql.swift in Sources */ = {isa = PBXBuildFile; fileRef = A159C65CFB8AC4892DBBC44D /* AssetUploadStatus.graphql.swift */; };
		37393808A1CD0C422AA3BB62 /* Contact.graphql.swift in Sources */ = {isa = PBXBuildFile; fileRef = 29763997318D7EDF3BADD1F9 /* Contact.graphql.swift */; };
		3B3846B691EE3572114C2C65 /* SystemContextNetworkInput.graphql.swift in Sources */ = {isa = PBXBuildFile; fileRef = 7B23E780F9C7292213A5100F /* SystemContextNetworkInput.graphql.swift */; };
		4523FE1CF831A4CAF92FC834 /* MessageTrackingEvent.swift in Sources */ = {isa = PBXBuildFile; fileRef = 4C29723CC258DF1A4D7394A3 /* MessageTrackingEvent.swift */; };
		47B7B0EE00E2DD14F79C4E99 /* TrackMessageStatus.graphql.swift in Sources */ = {isa = PBXBuildFile; fileRef = FA4F0274729BF55DCD2F3A1B /* TrackMessageStatus.graphql.swift */; };
		4FA02E799169FA91EF1CC8E2 /* SchemaConfiguration.swift in Sources */ = {isa = PBXBuildFile; fileRef = 5AB30356EE2C13EE2FEA7EF0 /* SchemaConfiguration.swift */; };
		4FBB57B8E81D8400DE7B3C90 /* UABuilder.swift in Sources */ = {isa = PBXBuildFile; fileRef = 205EC90826E33053B66FADFB /* UABuilder.swift */; };
		532EC2D9BF08BB7BB1A55A3B /* TrackEventMutation.graphql.swift in Sources */ = {isa = PBXBuildFile; fileRef = A61C2F3A3C628455C709D0DE /* TrackEventMutation.graphql.swift */; };
		54ECDD2293C6F30B7F5DEC07 /* SearchRecordsQuery.graphql.swift in Sources */ = {isa = PBXBuildFile; fileRef = 774808CBBDBDB50693030F64 /* SearchRecordsQuery.graphql.swift */; };
		56EA16442E6B6AA31098BE5A /* SaveStoredPreferencesResponse.graphql.swift in Sources */ = {isa = PBXBuildFile; fileRef = 2063694A9273759F84A0C3ED /* SaveStoredPreferencesResponse.graphql.swift */; };
		67901E0B60E5B04A1396A3D0 /* ContactKind.graphql.swift in Sources */ = {isa = PBXBuildFile; fileRef = 01267ED6350A0CC2A9347B25 /* ContactKind.graphql.swift */; };
		6937B3027B73969FE8AEA3AB /* SaveStoredPreferencesMutation.graphql.swift in Sources */ = {isa = PBXBuildFile; fileRef = 9AD7448B3775046745DC4B56 /* SaveStoredPreferencesMutation.graphql.swift */; };
		697CC55A4786C3C446EB288B /* AdvertisingMonitor.swift in Sources */ = {isa = PBXBuildFile; fileRef = EF37A7FD8F4CEA4820C01CC9 /* AdvertisingMonitor.swift */; };
		73703E00ED231AB7B30C0C26 /* Utils.swift in Sources */ = {isa = PBXBuildFile; fileRef = 3370AED59CAAF59E3D77EE8B /* Utils.swift */; };
		74CE1BE92360A0D4255E370F /* ApolloAPI in Frameworks */ = {isa = PBXBuildFile; productRef = 7ACD41EDD9EF462B03348AEE /* ApolloAPI */; };
		77C61630769CB448FB2E9C90 /* ContactMetadataInput.graphql.swift in Sources */ = {isa = PBXBuildFile; fileRef = 935EB36FD766C8F5A77B57BD /* ContactMetadataInput.graphql.swift */; };
		7C49674BE1D6C76A587EC165 /* UnsubscribeContactMutation.graphql.swift in Sources */ = {isa = PBXBuildFile; fileRef = D045C590AEB908C8AC52CC93 /* UnsubscribeContactMutation.graphql.swift */; };
		800D18B32C821FF8AF5400D2 /* SystemContextInput.graphql.swift in Sources */ = {isa = PBXBuildFile; fileRef = 36CE4AD72B3D560A9952B8AC /* SystemContextInput.graphql.swift */; };
		85D5303AF9C18C8B3C469B18 /* Decimal.swift in Sources */ = {isa = PBXBuildFile; fileRef = C132373BA08A940D481F5EBA /* Decimal.swift */; };
		9192DB54FEBC69B6FC35F339 /* TrackEventInput.graphql.swift in Sources */ = {isa = PBXBuildFile; fileRef = 417E834859EBBF8F065EA4F8 /* TrackEventInput.graphql.swift */; };
		91C053EF1E18342A2A18E400 /* ContactAppInput.graphql.swift in Sources */ = {isa = PBXBuildFile; fileRef = 5537A8080ADF974CB74B142C /* ContactAppInput.graphql.swift */; };
		933A79F1B818C00831060DD3 /* ContactLibraryInput.graphql.swift in Sources */ = {isa = PBXBuildFile; fileRef = EF71473C7469AD2D9F729478 /* ContactLibraryInput.graphql.swift */; };
		94788687C9052694F4888277 /* DashXNotificationModels.swift in Sources */ = {isa = PBXBuildFile; fileRef = 4FE1EE084834640BB914A1F2 /* DashXNotificationModels.swift */; };
		973970BC23158B9FE92F48BD /* DashXNotificationServiceExtension.swift in Sources */ = {isa = PBXBuildFile; fileRef = ABA1CFC59052FDB460766AB3 /* DashXNotificationServiceExtension.swift */; };
		98E354E40C5485AA1AAE1923 /* FetchRecordQuery.graphql.swift in Sources */ = {isa = PBXBuildFile; fileRef = AEB2923909748CC9E036A0E8 /* FetchRecordQuery.graphql.swift */; };
		9CF9894F42D9FE07E1294769 /* SystemContextLibraryInput.graphql.swift in Sources */ = {isa = PBXBuildFile; fileRef = 81521A2D53F5399A98A24919 /* SystemContextLibraryInput.graphql.swift */; };
		9FEEB5EBCE9D57887AC6F767 /* PrepareAssetMutation.graphql.swift in Sources */ = {isa = PBXBuildFile; fileRef = 6528FEA0EFFDAE5420968C71 /* PrepareAssetMutation.graphql.swift */; };
		A01DA7FD7C1DA8B6E84C5955 /* SaveStoredPreferencesInput.graphql.swift in Sources */ = {isa = PBXBuildFile; fileRef = 9E54A735C35B011A56160C47 /* SaveStoredPreferencesInput.graphql.swift */; };
		A1CCFED6D06CC415919CFB60 /* SystemContextOsInput.graphql.swift in Sources */ = {isa = PBXBuildFile; fileRef = C493552F8F396B4105FD38D2 /* SystemContextOsInput.graphql.swift */; };
		A280F089AA8EBD338B606923 /* Mutation.graphql.swift in Sources */ = {isa = PBXBuildFile; fileRef = 201875DED5AA8BAAE1B54E7C /* Mutation.graphql.swift */; };
		A29A0FF8DC26743F6668A47A /* PrivacyInfo.xcprivacy in Resources */ = {isa = PBXBuildFile; fileRef = 360CDECD8F13B0C644CB699A /* PrivacyInfo.xcprivacy */; };
		A4B10D5B61EE7810D9D710D9 /* TrackMessageResponse.graphql.swift in Sources */ = {isa = PBXBuildFile; fileRef = 052C2F0E0C20906696BFBDE1 /* TrackMessageResponse.graphql.swift */; };
		AD04042C92C6BB79585CD01E /* DashXDateFormatter.swift in Sources */ = {isa = PBXBuildFile; fileRef = 4BE36AF47F28934B30640115 /* DashXDateFormatter.swift */; };
		AD121B1B98F9B291AC5D0477 /* DashXLog.swift in Sources */ = {isa = PBXBuildFile; fileRef = 3B71ED0B46107DDE5BD91326 /* DashXLog.swift */; };
		AEB5ED280DCBC5C72BBC5B6C /* SystemContext.swift in Sources */ = {isa = PBXBuildFile; fileRef = 4610DCAE227CF4FCC18CEB9A /* SystemContext.swift */; };
		AF2BFABDE7E5E1063E7112B6 /* DashXClient.swift in Sources */ = {isa = PBXBuildFile; fileRef = DC06EF3F16C15FF6862EA8C6 /* DashXClient.swift */; };
		AFD4F846005EDA81D5CFD9C2 /* IdentifyAccountMutation.graphql.swift in Sources */ = {isa = PBXBuildFile; fileRef = 87537B3BCC7C5CF8872E1FC9 /* IdentifyAccountMutation.graphql.swift */; };
		B1D3EC3EC333E18A6F00382E /* SystemContextScreenInput.graphql.swift in Sources */ = {isa = PBXBuildFile; fileRef = ED707184539A7B20614CFD40 /* SystemContextScreenInput.graphql.swift */; };
		B23842FD8DF2A7425366E531 /* SystemContextLocationInput.graphql.swift in Sources */ = {isa = PBXBuildFile; fileRef = D6B11F11D8B276D44417093C /* SystemContextLocationInput.graphql.swift */; };
		B36D17765A2D76CF4FFFD3CD /* AssetQuery.graphql.swift in Sources */ = {isa = PBXBuildFile; fileRef = 599D3A5D17B8BB53147D93E9 /* AssetQuery.graphql.swift */; };
		B3A16B7E3B2EE340EE39A716 /* SubscribeContactInput.graphql.swift in Sources */ = {isa = PBXBuildFile; fileRef = 430BA586091221E2B2517536 /* SubscribeContactInput.graphql.swift */; };
		BC58448E5CA6B2019F84EE85 /* Query.graphql.swift in Sources */ = {isa = PBXBuildFile; fileRef = 7713E167B8537B48B2A9C8F0 /* Query.graphql.swift */; };
		BDB23DC3A8C68A286AB05DA6 /* PrepareAssetInput.graphql.swift in Sources */ = {isa = PBXBuildFile; fileRef = 775F115A52F66A6799A24550 /* PrepareAssetInput.graphql.swift */; };
		BE07A28A959251510AB0DAFE /* TrackEventResponse.graphql.swift in Sources */ = {isa = PBXBuildFile; fileRef = 8DAEA05310D159BAA078F6D0 /* TrackEventResponse.graphql.swift */; };
		C083CDB88AA852037EE05444 /* Account.graphql.swift in Sources */ = {isa = PBXBuildFile; fileRef = 09BAC3918FADCA31DF4347E9 /* Account.graphql.swift */; };
		C1813BCCAB4D22EA35A25984 /* DashXGql.graphql.swift in Sources */ = {isa = PBXBuildFile; fileRef = 37B491F752FDCEA2B81A120A /* DashXGql.graphql.swift */; };
		C1E7D3F6864AC158C3315BDF /* NetworkMonitor.swift in Sources */ = {isa = PBXBuildFile; fileRef = A0985E2C0EC1C8903FE5D4FB /* NetworkMonitor.swift */; };
		CD0237D85D281AEC0CAA4C58 /* SystemContextDeviceInput.graphql.swift in Sources */ = {isa = PBXBuildFile; fileRef = F77F7035A50265F45B507BBB /* SystemContextDeviceInput.graphql.swift */; };
		D00E318C7E3AF31FE31B4084 /* UnsubscribeContactInput.graphql.swift in Sources */ = {isa = PBXBuildFile; fileRef = 917DBFD0D399EB8A0CCC3ED5 /* UnsubscribeContactInput.graphql.swift */; };
		DB9972D24DD282F6CE874DF0 /* FetchStoredPreferencesInput.graphql.swift in Sources */ = {isa = PBXBuildFile; fileRef = 1BE80A398F424FA7FC72FDE9 /* FetchStoredPreferencesInput.graphql.swift */; };
		E425F6FB9129EDC8EC121FDD /* SchemaMetadata.graphql.swift in Sources */ = {isa = PBXBuildFile; fileRef = 67B1A5362B53EA62EADCEC9F /* SchemaMetadata.graphql.swift */; };
		E4A7CE997E1509C535D1D218 /* UserNotifications.framework in Frameworks */ = {isa = PBXBuildFile; fileRef = 69D141910A4723630D4CFA22 /* UserNotifications.framework */; };
		E77DB210AD02B5BF57A63C66 /* Network.swift in Sources */ = {isa = PBXBuildFile; fileRef = A7AE4C6EF85AB2DDB00FBDCC /* Network.swift */; };
		E992F5E6857992C3F9830BF8 /* SubscribeContactMutation.graphql.swift in Sources */ = {isa = PBXBuildFile; fileRef = 2E1F30600ECE455B68DD53CF /* SubscribeContactMutation.graphql.swift */; };
		F1AB50478B9A7E6ED2546D52 /* JSON.swift in Sources */ = {isa = PBXBuildFile; fileRef = B851EC0FB4D0DA772ED73817 /* JSON.swift */; };
		F4975B518434428BA4CA4E8A /* Timestamp.swift in Sources */ = {isa = PBXBuildFile; fileRef = 2B19D7E30F18B449E78A45D9 /* Timestamp.swift */; };
		F4A0E185E8AFC321903D50B3 /* Apollo in Frameworks */ = {isa = PBXBuildFile; productRef = 16F6E7A6BFFBD60188DE0EEB /* Apollo */; };
		F58BBE8BEC2B71ADABABD0D7 /* TrackMessageInput.graphql.swift in Sources */ = {isa = PBXBuildFile; fileRef = 64FFF31D482E649C49255D77 /* TrackMessageInput.graphql.swift */; };
		F5AF2AA9E04C383FB2A2C7BD /* DashXApplicationLifecycleCallbacks.swift in Sources */ = {isa = PBXBuildFile; fileRef = 2D74B7C3FF07E7A8713C0933 /* DashXApplicationLifecycleCallbacks.swift */; };
		F93F0E9E0036587BEB9A886D /* Models.swift in Sources */ = {isa = PBXBuildFile; fileRef = 57068999E218B8C123B47AE5 /* Models.swift */; };
		FBAA1A01087DC445E77A7DFF /* DashXUIViewController.swift in Sources */ = {isa = PBXBuildFile; fileRef = 3FDADDB4626EE073147F4E28 /* DashXUIViewController.swift */; };
		FC632BF1F67D92DE8A8206F9 /* IdentifyAccountInput.graphql.swift in Sources */ = {isa = PBXBuildFile; fileRef = 6160B03B879C8D64C064C5D9 /* IdentifyAccountInput.graphql.swift */; };
/* End PBXBuildFile section */

/* Begin PBXFileReference section */
		01267ED6350A0CC2A9347B25 /* ContactKind.graphql.swift */ = {isa = PBXFileReference; lastKnownFileType = sourcecode.swift; path = ContactKind.graphql.swift; sourceTree = "<group>"; };
		052C2F0E0C20906696BFBDE1 /* TrackMessageResponse.graphql.swift */ = {isa = PBXFileReference; lastKnownFileType = sourcecode.swift; path = TrackMessageResponse.graphql.swift; sourceTree = "<group>"; };
		097DAE886334C1329E9F5C90 /* SystemContextAppInput.graphql.swift */ = {isa = PBXFileReference; lastKnownFileType = sourcecode.swift; path = SystemContextAppInput.graphql.swift; sourceTree = "<group>"; };
		09BAC3918FADCA31DF4347E9 /* Account.graphql.swift */ = {isa = PBXFileReference; lastKnownFileType = sourcecode.swift; path = Account.graphql.swift; sourceTree = "<group>"; };
		1251A1DD23E52CA6D8E171F5 /* FetchRecordInput.graphql.swift */ = {isa = PBXFileReference; lastKnownFileType = sourcecode.swift; path = FetchRecordInput.graphql.swift; sourceTree = "<group>"; };
		14D7489EA7020ABD5A5236DF /* DashXSceneDelegate.swift */ = {isa = PBXFileReference; lastKnownFileType = sourcecode.swift; path = DashXSceneDelegate.swift; sourceTree = "<group>"; };
		1505B1118198719A661176D9 /* UUID.swift */ = {isa = PBXFileReference; lastKnownFileType = sourcecode.swift; path = UUID.swift; sourceTree = "<group>"; };
		198672558793BBCEF70BF1C1 /* Asset.graphql.swift */ = {isa = PBXFileReference; lastKnownFileType = sourcecode.swift; path = Asset.graphql.swift; sourceTree = "<group>"; };
		1BE80A398F424FA7FC72FDE9 /* FetchStoredPreferencesInput.graphql.swift */ = {isa = PBXFileReference; lastKnownFileType = sourcecode.swift; path = FetchStoredPreferencesInput.graphql.swift; sourceTree = "<group>"; };
		201875DED5AA8BAAE1B54E7C /* Mutation.graphql.swift */ = {isa = PBXFileReference; lastKnownFileType = sourcecode.swift; path = Mutation.graphql.swift; sourceTree = "<group>"; };
		205EC90826E33053B66FADFB /* UABuilder.swift */ = {isa = PBXFileReference; lastKnownFileType = sourcecode.swift; path = UABuilder.swift; sourceTree = "<group>"; };
		2063694A9273759F84A0C3ED /* SaveStoredPreferencesResponse.graphql.swift */ = {isa = PBXFileReference; lastKnownFileType = sourcecode.swift; path = SaveStoredPreferencesResponse.graphql.swift; sourceTree = "<group>"; };
		29763997318D7EDF3BADD1F9 /* Contact.graphql.swift */ = {isa = PBXFileReference; lastKnownFileType = sourcecode.swift; path = Contact.graphql.swift; sourceTree = "<group>"; };
		2B16FDB2C8F9591DC0317688 /* Constants.swift */ = {isa = PBXFileReference; lastKnownFileType = sourcecode.swift; path = Constants.swift; sourceTree = "<group>"; };
		2B19D7E30F18B449E78A45D9 /* Timestamp.swift */ = {isa = PBXFileReference; lastKnownFileType = sourcecode.swift; path = Timestamp.swift; sourceTree = "<group>"; };
		2D74B7C3FF07E7A8713C0933 /* DashXApplicationLifecycleCallbacks.swift */ = {isa = PBXFileReference; lastKnownFileType = sourcecode.swift; path = DashXApplicationLifecycleCallbacks.swift; sourceTree = "<group>"; };
		2E1F30600ECE455B68DD53CF /* SubscribeContactMutation.graphql.swift */ = {isa = PBXFileReference; lastKnownFileType = sourcecode.swift; path = SubscribeContactMutation.graphql.swift; sourceTree = "<group>"; };
		3370AED59CAAF59E3D77EE8B /* Utils.swift */ = {isa = PBXFileReference; lastKnownFileType = sourcecode.swift; path = Utils.swift; sourceTree = "<group>"; };
		360CDECD8F13B0C644CB699A /* PrivacyInfo.xcprivacy */ = {isa = PBXFileReference; path = PrivacyInfo.xcprivacy; sourceTree = "<group>"; };
		36CE4AD72B3D560A9952B8AC /* SystemContextInput.graphql.swift */ = {isa = PBXFileReference; lastKnownFileType = sourcecode.swift; path = SystemContextInput.graphql.swift; sourceTree = "<group>"; };
		37B491F752FDCEA2B81A120A /* DashXGql.graphql.swift */ = {isa = PBXFileReference; lastKnownFileType = sourcecode.swift; path = DashXGql.graphql.swift; sourceTree = "<group>"; };
		398878A5D955FC46C8E9F36F /* FetchStoredPreferencesResponse.graphql.swift */ = {isa = PBXFileReference; lastKnownFileType = sourcecode.swift; path = FetchStoredPreferencesResponse.graphql.swift; sourceTree = "<group>"; };
		3B71ED0B46107DDE5BD91326 /* DashXLog.swift */ = {isa = PBXFileReference; lastKnownFileType = sourcecode.swift; path = DashXLog.swift; sourceTree = "<group>"; };
		3FDADDB4626EE073147F4E28 /* DashXUIViewController.swift */ = {isa = PBXFileReference; lastKnownFileType = sourcecode.swift; path = DashXUIViewController.swift; sourceTree = "<group>"; };
		417E834859EBBF8F065EA4F8 /* TrackEventInput.graphql.swift */ = {isa = PBXFileReference; lastKnownFileType = sourcecode.swift; path = TrackEventInput.graphql.swift; sourceTree = "<group>"; };
		430BA586091221E2B2517536 /* SubscribeContactInput.graphql.swift */ = {isa = PBXFileReference; lastKnownFileType = sourcecode.swift; path = SubscribeContactInput.graphql.swift; sourceTree = "<group>"; };
		4610DCAE227CF4FCC18CEB9A /* SystemContext.swift */ = {isa = PBXFileReference; lastKnownFileType = sourcecode.swift; path = SystemContext.swift; sourceTree = "<group>"; };
		4B61DB55AD04B42081872D28 /* FetchStoredPreferencesQuery.graphql.swift */ = {isa = PBXFileReference; lastKnownFileType = sourcecode.swift; path = FetchStoredPreferencesQuery.graphql.swift; sourceTree = "<group>"; };
		4BE36AF47F28934B30640115 /* DashXDateFormatter.swift */ = {isa = PBXFileReference; lastKnownFileType = sourcecode.swift; path = DashXDateFormatter.swift; sourceTree = "<group>"; };
		4C29723CC258DF1A4D7394A3 /* MessageTrackingEvent.swift */ = {isa = PBXFileReference; lastKnownFileType = sourcecode.swift; path = MessageTrackingEvent.swift; sourceTree = "<group>"; };
		4F25C0C0876C7A0EC68CB4D9 /* SearchRecordsInput.graphql.swift */ = {isa = PBXFileReference; lastKnownFileType = sourcecode.swift; path = SearchRecordsInput.graphql.swift; sourceTree = "<group>"; };
		4FE1EE084834640BB914A1F2 /* DashXNotificationModels.swift */ = {isa = PBXFileReference; lastKnownFileType = sourcecode.swift; path = DashXNotificationModels.swift; sourceTree = "<group>"; };
		5537A8080ADF974CB74B142C /* ContactAppInput.graphql.swift */ = {isa = PBXFileReference; lastKnownFileType = sourcecode.swift; path = ContactAppInput.graphql.swift; sourceTree = "<group>"; };
		57068999E218B8C123B47AE5 /* Models.swift */ = {isa = PBXFileReference; lastKnownFileType = sourcecode.swift; path = Models.swift; sourceTree = "<group>"; };
		599D3A5D17B8BB53147D93E9 /* AssetQuery.graphql.swift */ = {isa = PBXFileReference; lastKnownFileType = sourcecode.swift; path = AssetQuery.graphql.swift; sourceTree = "<group>"; };
		5AB30356EE2C13EE2FEA7EF0 /* SchemaConfiguration.swift */ = {isa = PBXFileReference; lastKnownFileType = sourcecode.swift; path = SchemaConfiguration.swift; sourceTree = "<group>"; };
		5F28D79EF9208747F8C4F34E /* SystemContextCampaignInput.graphql.swift */ = {isa = PBXFileReference; lastKnownFileType = sourcecode.swift; path = SystemContextCampaignInput.graphql.swift; sourceTree = "<group>"; };
		6160B03B879C8D64C064C5D9 /* IdentifyAccountInput.graphql.swift */ = {isa = PBXFileReference; lastKnownFileType = sourcecode.swift; path = IdentifyAccountInput.graphql.swift; sourceTree = "<group>"; };
		61E1D214DE07D7230206B1C6 /* DashX.framework */ = {isa = PBXFileReference; explicitFileType = wrapper.framework; includeInIndex = 0; path = DashX.framework; sourceTree = BUILT_PRODUCTS_DIR; };
		64FFF31D482E649C49255D77 /* TrackMessageInput.graphql.swift */ = {isa = PBXFileReference; lastKnownFileType = sourcecode.swift; path = TrackMessageInput.graphql.swift; sourceTree = "<group>"; };
		6528FEA0EFFDAE5420968C71 /* PrepareAssetMutation.graphql.swift */ = {isa = PBXFileReference; lastKnownFileType = sourcecode.swift; path = PrepareAssetMutation.graphql.swift; sourceTree = "<group>"; };
		67B1A5362B53EA62EADCEC9F /* SchemaMetadata.graphql.swift */ = {isa = PBXFileReference; lastKnownFileType = sourcecode.swift; path = SchemaMetadata.graphql.swift; sourceTree = "<group>"; };
		69D141910A4723630D4CFA22 /* UserNotifications.framework */ = {isa = PBXFileReference; lastKnownFileType = wrapper.framework; name = UserNotifications.framework; path = System/Library/Frameworks/UserNotifications.framework; sourceTree = SDKROOT; };
		7713E167B8537B48B2A9C8F0 /* Query.graphql.swift */ = {isa = PBXFileReference; lastKnownFileType = sourcecode.swift; path = Query.graphql.swift; sourceTree = "<group>"; };
		774808CBBDBDB50693030F64 /* SearchRecordsQuery.graphql.swift */ = {isa = PBXFileReference; lastKnownFileType = sourcecode.swift; path = SearchRecordsQuery.graphql.swift; sourceTree = "<group>"; };
		775F115A52F66A6799A24550 /* PrepareAssetInput.graphql.swift */ = {isa = PBXFileReference; lastKnownFileType = sourcecode.swift; path = PrepareAssetInput.graphql.swift; sourceTree = "<group>"; };
		7B23E780F9C7292213A5100F /* SystemContextNetworkInput.graphql.swift */ = {isa = PBXFileReference; lastKnownFileType = sourcecode.swift; path = SystemContextNetworkInput.graphql.swift; sourceTree = "<group>"; };
		7CEBCEBEFCEF16059765705E /* EventQueue.swift */ = {isa = PBXFileReference; lastKnownFileType = sourcecode.swift; path = EventQueue.swift; sourceTree = "<group>"; };
		81521A2D53F5399A98A24919 /* SystemContextLibraryInput.graphql.swift */ = {isa = PBXFileReference; lastKnownFileType = sourcecode.swift; path = SystemContextLibraryInput.graphql.swift; sourceTree = "<group>"; };
		87537B3BCC7C5CF8872E1FC9 /* IdentifyAccountMutation.graphql.swift */ = {isa = PBXFileReference; lastKnownFileType = sourcecode.swift; path = IdentifyAccountMutation.graphql.swift; sourceTree = "<group>"; };
		8DAEA05310D159BAA078F6D0 /* TrackEventResponse.graphql.swift */ = {isa = PBXFileReference; lastKnownFileType = sourcecode.swift; path = TrackEventResponse.graphql.swift; sourceTree = "<group>"; };
		917DBFD0D399EB8A0CCC3ED5 /* UnsubscribeContactInput.graphql.swift */ = {isa = PBXFileReference; lastKnownFileType = sourcecode.swift; path = UnsubscribeContactInput.graphql.swift; sourceTree = "<group>"; };
		935EB36FD766C8F5A77B57BD /* ContactMetadataInput.graphql.swift */ = {isa = PBXFileReference; lastKnownFileType = sourcecode.swift; path = ContactMetadataInput.graphql.swift; sourceTree = "<group>"; };
		98B176F1249F982A4599D27E /* DashXNotificationServiceExtension.framework */ = {isa = PBXFileReference; explicitFileType = wrapper.framework; includeInIndex = 0; path = DashXNotificationServiceExtension.framework; sourceTree = BUILT_PRODUCTS_DIR; };
		9AD7448B3775046745DC4B56 /* SaveStoredPreferencesMutation.graphql.swift */ = {isa = PBXFileReference; lastKnownFileType = sourcecode.swift; path = SaveStoredPreferencesMutation.graphql.swift; sourceTree = "<group>"; };
		9E54A735C35B011A56160C47 /* SaveStoredPreferencesInput.graphql.swift */ = {isa = PBXFileReference; lastKnownFileType = sourcecode.swift; path = SaveStoredPreferencesInput.graphql.swift; sourceTree = "<group>"; };
		A0985E2C0EC1C8903FE5D4FB /* NetworkMonitor.swift */ = {isa = PBXFileReference; lastKnownFileType = sourcecode.swift; path = NetworkMonitor.swift; sourceTree = "<group>"; };
		A159C65CFB8AC4892DBBC44D /* AssetUploadStatus.graphql.swift */ = {isa = PBXFileReference; lastKnownFileType = sourcecode.swift; path = AssetUploadStatus.graphql.swift; sourceTree = "<group>"; };
		A61C2F3A3C628455C709D0DE /* TrackEventMutation.graphql.swift */ = {isa = PBXFileReference; lastKnownFileType = sourcecode.swift; path = TrackEventMutation.graphql.swift; sourceTree = "<group>"; };
		A7AE4C6EF85AB2DDB00FBDCC /* Network.swift */ = {isa = PBXFileReference; lastKnownFileType = sourcecode.swift; path = Network.swift; sourceTree = "<group>"; };
		ABA1CFC59052FDB460766AB3 /* DashXNotificationServiceExtension.swift */ = {isa = PBXFileReference; lastKnownFileType = sourcecode.swift; path = DashXNotificationServiceExtension.swift; sourceTree = "<group>"; };
		AE5A23326AD46A412AFB6353 /* TrackMessageMutation.graphql.swift */ = {isa = PBXFileReference; lastKnownFileType = sourcecode.swift; path = TrackMessageMutation.graphql.swift; sourceTree = "<group>"; };
		AEB2923909748CC9E036A0E8 /* FetchRecordQuery.graphql.swift */ = {isa = PBXFileReference; lastKnownFileType = sourcecode.swift; path = FetchRecordQuery.graphql.swift; sourceTree = "<group>"; };
		B851EC0FB4D0DA772ED73817 /* JSON.swift */ = {isa = PBXFileReference; lastKnownFileType = sourcecode.swift; path = JSON.swift; sourceTree = "<group>"; };
		C132373BA08A940D481F5EBA /* Decimal.swift */ = {isa = PBXFileReference; lastKnownFileType = sourcecode.swift; path = Decimal.swift; sourceTree = "<group>"; };
		C493552F8F396B4105FD38D2 /* SystemContextOsInput.graphql.swift */ = {isa = PBXFileReference; lastKnownFileType = sourcecode.swift; path = SystemContextOsInput.graphql.swift; sourceTree = "<group>"; };
		D045C590AEB908C8AC52CC93 /* UnsubscribeContactMutation.graphql.swift */ = {isa = PBXFileReference; lastKnownFileType = sourcecode.swift; path = UnsubscribeContactMutation.graphql.swift; sourceTree = "<group>"; };
		D6B11F11D8B276D44417093C /* SystemContextLocationInput.graphql.swift */ = {isa = PBXFileReference; lastKnownFileType = sourcecode.swift; path = SystemContextLocationInput.graphql.swift; sourceTree = "<group>"; };
		DC06EF3F16C15FF6862EA8C6 /* DashXClient.swift */ = {isa = PBXFileReference; lastKnownFileType = sourcecode.swift; path = DashXClient.swift; sourceTree = "<group>"; };
		E31471304B5E32062770726F /* DashXBrowser.swift */ = {isa = PBXFileReference; lastKnownFileType = sourcecode.swift; path = DashXBrowser.swift; sourceTree = "<group>"; };
		ED707184539A7B20614CFD40 /* SystemContextScreenInput.graphql.swift */ = {isa = PBXFileReference; lastKnownFileType = sourcecode.swift; path = SystemContextScreenInput.graphql.swift; sourceTree = "<group>"; };
		EF37A7FD8F4CEA4820C01CC9 /* AdvertisingMonitor.swift */ = {isa = PBXFileReference; lastKnownFileType = sourcecode.swift; path = AdvertisingMonitor.swift; sourceTree = "<group>"; };
		EF71473C7469AD2D9F729478 /* ContactLibraryInput.graphql.swift */ = {isa = PBXFileReference; lastKnownFileType = sourcecode.swift; path = ContactLibraryInput.graphql.swift; sourceTree = "<group>"; };
		F77F7035A50265F45B507BBB /* SystemContextDeviceInput.graphql.swift */ = {isa = PBXFileReference; lastKnownFileType = sourcecode.swift; path = SystemContextDeviceInput.graphql.swift; sourceTree = "<group>"; };
		FA4F0274729BF55DCD2F3A1B /* TrackMessageStatus.graphql.swift */ = {isa = PBXFileReference; lastKnownFileType = sourcecode.swift; path = TrackMessageStatus.graphql.swift; sourceTree = "<group>"; };
/* End PBXFileReference section */

/* Begin PBXFrameworksBuildPhase section */
		0932DCF6BE4AB996326CF2E8 /* Frameworks */ = {
			isa = PBXFrameworksBuildPhase;
			buildActionMask = 2147483647;
			files = (
				E4A7CE997E1509C535D1D218 /* UserNotifications.framework in Frameworks */,
			);
			runOnlyForDeploymentPostprocessing = 0;
		};
		C2C80B59AA0A45692DFA7664 /* Frameworks */ = {
			isa = PBXFrameworksBuildPhase;
			buildActionMask = 2147483647;
			files = (
				F4A0E185E8AFC321903D50B3 /* Apollo in Frameworks */,
				74CE1BE92360A0D4255E370F /* ApolloAPI in Frameworks */,
			);
			runOnlyForDeploymentPostprocessing = 0;
		};
/* End PBXFrameworksBuildPhase section */

/* Begin PBXGroup section */
		0666768A76DF3FADADCA6ED2 /* Frameworks */ = {
			isa = PBXGroup;
			children = (
				69D141910A4723630D4CFA22 /* UserNotifications.framework */,
			);
			name = Frameworks;
			sourceTree = "<group>";
		};
		2C2D70F421191664F3713A07 /* Objects */ = {
			isa = PBXGroup;
			children = (
				09BAC3918FADCA31DF4347E9 /* Account.graphql.swift */,
				198672558793BBCEF70BF1C1 /* Asset.graphql.swift */,
				29763997318D7EDF3BADD1F9 /* Contact.graphql.swift */,
				398878A5D955FC46C8E9F36F /* FetchStoredPreferencesResponse.graphql.swift */,
				201875DED5AA8BAAE1B54E7C /* Mutation.graphql.swift */,
				7713E167B8537B48B2A9C8F0 /* Query.graphql.swift */,
				2063694A9273759F84A0C3ED /* SaveStoredPreferencesResponse.graphql.swift */,
				8DAEA05310D159BAA078F6D0 /* TrackEventResponse.graphql.swift */,
				052C2F0E0C20906696BFBDE1 /* TrackMessageResponse.graphql.swift */,
			);
			path = Objects;
			sourceTree = "<group>";
		};
		390729E6BB75C83067C34FA5 /* Resources */ = {
			isa = PBXGroup;
			children = (
				360CDECD8F13B0C644CB699A /* PrivacyInfo.xcprivacy */,
			);
			path = Resources;
			sourceTree = "<group>";
		};
		5134D8A86298AEC64E85F487 /* InputObjects */ = {
			isa = PBXGroup;
			children = (
				5537A8080ADF974CB74B142C /* ContactAppInput.graphql.swift */,
				EF71473C7469AD2D9F729478 /* ContactLibraryInput.graphql.swift */,
				935EB36FD766C8F5A77B57BD /* ContactMetadataInput.graphql.swift */,
				1251A1DD23E52CA6D8E171F5 /* FetchRecordInput.graphql.swift */,
				1BE80A398F424FA7FC72FDE9 /* FetchStoredPreferencesInput.graphql.swift */,
				6160B03B879C8D64C064C5D9 /* IdentifyAccountInput.graphql.swift */,
				775F115A52F66A6799A24550 /* PrepareAssetInput.graphql.swift */,
				9E54A735C35B011A56160C47 /* SaveStoredPreferencesInput.graphql.swift */,
				4F25C0C0876C7A0EC68CB4D9 /* SearchRecordsInput.graphql.swift */,
				430BA586091221E2B2517536 /* SubscribeContactInput.graphql.swift */,
				097DAE886334C1329E9F5C90 /* SystemContextAppInput.graphql.swift */,
				5F28D79EF9208747F8C4F34E /* SystemContextCampaignInput.graphql.swift */,
				F77F7035A50265F45B507BBB /* SystemContextDeviceInput.graphql.swift */,
				36CE4AD72B3D560A9952B8AC /* SystemContextInput.graphql.swift */,
				81521A2D53F5399A98A24919 /* SystemContextLibraryInput.graphql.swift */,
				D6B11F11D8B276D44417093C /* SystemContextLocationInput.graphql.swift */,
				7B23E780F9C7292213A5100F /* SystemContextNetworkInput.graphql.swift */,
				C493552F8F396B4105FD38D2 /* SystemContextOsInput.graphql.swift */,
				ED707184539A7B20614CFD40 /* SystemContextScreenInput.graphql.swift */,
				417E834859EBBF8F065EA4F8 /* TrackEventInput.graphql.swift */,
				64FFF31D482E649C49255D77 /* TrackMessageInput.graphql.swift */,
				917DBFD0D399EB8A0CCC3ED5 /* UnsubscribeContactInput.graphql.swift */,
			);
			path = InputObjects;
			sourceTree = "<group>";
		};
		5970F964BC9AC62D5558FD7B /* DashXNotificationServiceExtension */ = {
			isa = PBXGroup;
			children = (
				ABA1CFC59052FDB460766AB3 /* DashXNotificationServiceExtension.swift */,
			);
			path = DashXNotificationServiceExtension;
			sourceTree = "<group>";
		};
		663464E73871FC835B3EED80 /* GraphQL */ = {
			isa = PBXGroup;
			children = (
				C0305080B858B49101228029 /* Operations */,
				DD53BB715D60DAE4BAD70211 /* Schema */,
				37B491F752FDCEA2B81A120A /* DashXGql.graphql.swift */,
			);
			path = GraphQL;
			sourceTree = "<group>";
		};
		6A603479FFFE7048752E4943 /* Products */ = {
			isa = PBXGroup;
			children = (
				61E1D214DE07D7230206B1C6 /* DashX.framework */,
				98B176F1249F982A4599D27E /* DashXNotificationServiceExtension.framework */,
			);
			name = Products;
			sourceTree = "<group>";
		};
		7738EA0A59CCAB617F094B7C /* Enums */ = {
			isa = PBXGroup;
			children = (
				A159C65CFB8AC4892DBBC44D /* AssetUploadStatus.graphql.swift */,
				01267ED6350A0CC2A9347B25 /* ContactKind.graphql.swift */,
				FA4F0274729BF55DCD2F3A1B /* TrackMessageStatus.graphql.swift */,
			);
			path = Enums;
			sourceTree = "<group>";
		};
		81A2EBEC624F64A224497BFF /* DashX */ = {
			isa = PBXGroup;
			children = (
				663464E73871FC835B3EED80 /* GraphQL */,
				390729E6BB75C83067C34FA5 /* Resources */,
				EF37A7FD8F4CEA4820C01CC9 /* AdvertisingMonitor.swift */,
				2B16FDB2C8F9591DC0317688 /* Constants.swift */,
				2D74B7C3FF07E7A8713C0933 /* DashXApplicationLifecycleCallbacks.swift */,
				E31471304B5E32062770726F /* DashXBrowser.swift */,
				DC06EF3F16C15FF6862EA8C6 /* DashXClient.swift */,
				4BE36AF47F28934B30640115 /* DashXDateFormatter.swift */,
				3B71ED0B46107DDE5BD91326 /* DashXLog.swift */,
				14D7489EA7020ABD5A5236DF /* DashXSceneDelegate.swift */,
				3FDADDB4626EE073147F4E28 /* DashXUIViewController.swift */,
				7CEBCEBEFCEF16059765705E /* EventQueue.swift */,
				4C29723CC258DF1A4D7394A3 /* MessageTrackingEvent.swift */,
				57068999E218B8C123B47AE5 /* Models.swift */,
				A7AE4C6EF85AB2DDB00FBDCC /* Network.swift */,
				A0985E2C0EC1C8903FE5D4FB /* NetworkMonitor.swift */,
				4610DCAE227CF4FCC18CEB9A /* SystemContext.swift */,
				205EC90826E33053B66FADFB /* UABuilder.swift */,
				3370AED59CAAF59E3D77EE8B /* Utils.swift */,
			);
			path = DashX;
			sourceTree = "<group>";
		};
		90244ADF9B9A4CB9B9336784 = {
			isa = PBXGroup;
			children = (
				BDCDA7BA795DC81ADF3D155E /* dashx-ios */,
				0666768A76DF3FADADCA6ED2 /* Frameworks */,
				6A603479FFFE7048752E4943 /* Products */,
			);
			sourceTree = "<group>";
		};
		9890DC9B0FB64DEC9F2086E1 /* Sources */ = {
			isa = PBXGroup;
			children = (
				81A2EBEC624F64A224497BFF /* DashX */,
				B1BE08E7D0EEB28B349463EE /* DashXCore */,
				5970F964BC9AC62D5558FD7B /* DashXNotificationServiceExtension */,
			);
			path = Sources;
			sourceTree = "<group>";
		};
		A768372F4EFD9E733D0D5713 /* Queries */ = {
			isa = PBXGroup;
			children = (
				599D3A5D17B8BB53147D93E9 /* AssetQuery.graphql.swift */,
				AEB2923909748CC9E036A0E8 /* FetchRecordQuery.graphql.swift */,
				4B61DB55AD04B42081872D28 /* FetchStoredPreferencesQuery.graphql.swift */,
				774808CBBDBDB50693030F64 /* SearchRecordsQuery.graphql.swift */,
			);
			path = Queries;
			sourceTree = "<group>";
		};
		B1BE08E7D0EEB28B349463EE /* DashXCore */ = {
			isa = PBXGroup;
			children = (
				4FE1EE084834640BB914A1F2 /* DashXNotificationModels.swift */,
			);
			path = DashXCore;
			sourceTree = "<group>";
		};
		BDCDA7BA795DC81ADF3D155E /* dashx-ios */ = {
			isa = PBXGroup;
			children = (
				9890DC9B0FB64DEC9F2086E1 /* Sources */,
			);
			name = "dashx-ios";
			path = ..;
			sourceTree = "<group>";
		};
		C0305080B858B49101228029 /* Operations */ = {
			isa = PBXGroup;
			children = (
				E35F128196C2214D9FFE4297 /* Mutations */,
				A768372F4EFD9E733D0D5713 /* Queries */,
			);
			path = Operations;
			sourceTree = "<group>";
		};
		DD53BB715D60DAE4BAD70211 /* Schema */ = {
			isa = PBXGroup;
			children = (
				F810B9E8C22495EB90815A80 /* CustomScalars */,
				7738EA0A59CCAB617F094B7C /* Enums */,
				5134D8A86298AEC64E85F487 /* InputObjects */,
				2C2D70F421191664F3713A07 /* Objects */,
				5AB30356EE2C13EE2FEA7EF0 /* SchemaConfiguration.swift */,
				67B1A5362B53EA62EADCEC9F /* SchemaMetadata.graphql.swift */,
			);
			path = Schema;
			sourceTree = "<group>";
		};
		E35F128196C2214D9FFE4297 /* Mutations */ = {
			isa = PBXGroup;
			children = (
				87537B3BCC7C5CF8872E1FC9 /* IdentifyAccountMutation.graphql.swift */,
				6528FEA0EFFDAE5420968C71 /* PrepareAssetMutation.graphql.swift */,
				9AD7448B3775046745DC4B56 /* SaveStoredPreferencesMutation.graphql.swift */,
				2E1F30600ECE455B68DD53CF /* SubscribeContactMutation.graphql.swift */,
				A61C2F3A3C628455C709D0DE /* TrackEventMutation.graphql.swift */,
				AE5A23326AD46A412AFB6353 /* TrackMessageMutation.graphql.swift */,
				D045C590AEB908C8AC52CC93 /* UnsubscribeContactMutation.graphql.swift */,
			);
			path = Mutations;
			sourceTree = "<group>";
		};
		F810B9E8C22495EB90815A80 /* CustomScalars */ = {
			isa = PBXGroup;
			children = (
				C132373BA08A940D481F5EBA /* Decimal.swift */,
				B851EC0FB4D0DA772ED73817 /* JSON.swift */,
				2B19D7E30F18B449E78A45D9 /* Timestamp.swift */,
				1505B1118198719A661176D9 /* UUID.swift */,
			);
			path = CustomScalars;
			sourceTree = "<group>";
		};
/* End PBXGroup section */

/* Begin PBXNativeTarget section */
		8739E168D43E6EDFF7A93E76 /* DashXNotificationServiceExtension */ = {
			isa = PBXNativeTarget;
			buildConfigurationList = 36E6E4819445FA8FC81D7BF3 /* Build configuration list for PBXNativeTarget "DashXNotificationServiceExtension" */;
			buildPhases = (
				5446BBB37F05B89D1BCCA080 /* Sources */,
				0932DCF6BE4AB996326CF2E8 /* Frameworks */,
			);
			buildRules = (
			);
			dependencies = (
			);
			name = DashXNotificationServiceExtension;
			packageProductDependencies = (
			);
			productName = DashXNotificationServiceExtension;
			productReference = 98B176F1249F982A4599D27E /* DashXNotificationServiceExtension.framework */;
			productType = "com.apple.product-type.framework";
		};
		E79B208C33D8BBD25CDD1916 /* DashX */ = {
			isa = PBXNativeTarget;
			buildConfigurationList = 29C780BB651C770137EF5F4E /* Build configuration list for PBXNativeTarget "DashX" */;
			buildPhases = (
				1A1C8A95C1614E5AF111BDFE /* Sources */,
				A694A682B2B7D96F347E3D26 /* Resources */,
				C2C80B59AA0A45692DFA7664 /* Frameworks */,
			);
			buildRules = (
			);
			dependencies = (
			);
			name = DashX;
			packageProductDependencies = (
				16F6E7A6BFFBD60188DE0EEB /* Apollo */,
				7ACD41EDD9EF462B03348AEE /* ApolloAPI */,
			);
			productName = DashX;
			productReference = 61E1D214DE07D7230206B1C6 /* DashX.framework */;
			productType = "com.apple.product-type.framework";
		};
/* End PBXNativeTarget section */

/* Begin PBXProject section */
		E6DA474FFB8C279DBA3F5FB7 /* Project object */ = {
			isa = PBXProject;
			attributes = {
				BuildIndependentTargetsInParallel = YES;
				LastUpgradeCheck = 1500;
				TargetAttributes = {
					8739E168D43E6EDFF7A93E76 = {
						ProvisioningStyle = Automatic;
					};
					E79B208C33D8BBD25CDD1916 = {
						ProvisioningStyle = Automatic;
					};
				};
			};
			buildConfigurationList = 93F43B3E06460E9F25D53C8F /* Build configuration list for PBXProject "DashX" */;
			developmentRegion = en;
			hasScannedForEncodings = 0;
			knownRegions = (
				Base,
				en,
			);
			mainGroup = 90244ADF9B9A4CB9B9336784;
			minimizedProjectReferenceProxies = 1;
			packageReferences = (
				FA3DAFCC0F6729565DE9EB8F /* XCRemoteSwiftPackageReference "apollo-ios" */,
			);
			preferredProjectObjectVersion = 77;
			productRefGroup = 6A603479FFFE7048752E4943 /* Products */;
			projectDirPath = "";
			projectRoot = "";
			targets = (
				E79B208C33D8BBD25CDD1916 /* DashX */,
				8739E168D43E6EDFF7A93E76 /* DashXNotificationServiceExtension */,
			);
		};
/* End PBXProject section */

/* Begin PBXResourcesBuildPhase section */
		A694A682B2B7D96F347E3D26 /* Resources */ = {
			isa = PBXResourcesBuildPhase;
			buildActionMask = 2147483647;
			files = (
				A29A0FF8DC26743F6668A47A /* PrivacyInfo.xcprivacy in Resources */,
			);
			runOnlyForDeploymentPostprocessing = 0;
		};
/* End PBXResourcesBuildPhase section */

/* Begin PBXSourcesBuildPhase section */
		1A1C8A95C1614E5AF111BDFE /* Sources */ = {
			isa = PBXSourcesBuildPhase;
			buildActionMask = 2147483647;
			files = (
				C083CDB88AA852037EE05444 /* Account.graphql.swift in Sources */,
				697CC55A4786C3C446EB288B /* AdvertisingMonitor.swift in Sources */,
				013796CC03989DA1DF78B282 /* Asset.graphql.swift in Sources */,
				B36D17765A2D76CF4FFFD3CD /* AssetQuery.graphql.swift in Sources */,
				3569109B954E91180069D820 /* AssetUploadStatus.graphql.swift in Sources */,
				12EA69F51B88BAD49A971278 /* Constants.swift in Sources */,
				37393808A1CD0C422AA3BB62 /* Contact.graphql.swift in Sources */,
				91C053EF1E18342A2A18E400 /* ContactAppInput.graphql.swift in Sources */,
				67901E0B60E5B04A1396A3D0 /* ContactKind.graphql.swift in Sources */,
				933A79F1B818C00831060DD3 /* ContactLibraryInput.graphql.swift in Sources */,
				77C61630769CB448FB2E9C90 /* ContactMetadataInput.graphql.swift in Sources */,
				F5AF2AA9E04C383FB2A2C7BD /* DashXApplicationLifecycleCallbacks.swift in Sources */,
				160C08F3746EC415BA3ABCDC /* DashXBrowser.swift in Sources */,
				AF2BFABDE7E5E1063E7112B6 /* DashXClient.swift in Sources */,
				AD04042C92C6BB79585CD01E /* DashXDateFormatter.swift in Sources */,
				C1813BCCAB4D22EA35A25984 /* DashXGql.graphql.swift in Sources */,
				AD121B1B98F9B291AC5D0477 /* DashXLog.swift in Sources */,
				94788687C9052694F4888277 /* DashXNotificationModels.swift in Sources */,
				333560D1DC2EEFBA628B261C /* DashXSceneDelegate.swift in Sources */,
				FBAA1A01087DC445E77A7DFF /* DashXUIViewController.swift in Sources */,
				85D5303AF9C18C8B3C469B18 /* Decimal.swift in Sources */,
				25E5ECB5694843AD30E2A7AF /* EventQueue.swift in Sources */,
				33B46579509AE9112F719C5F /* FetchRecordInput.graphql.swift in Sources */,
				98E354E40C5485AA1AAE1923 /* FetchRecordQuery.graphql.swift in Sources */,
				DB9972D24DD282F6CE874DF0 /* FetchStoredPreferencesInput.graphql.swift in Sources */,
				287A57CFA38ED25F2FFD1141 /* FetchStoredPreferencesQuery.graphql.swift in Sources */,
				13E61894BB9C79152753412F /* FetchStoredPreferencesResponse.graphql.swift in Sources */,
				FC632BF1F67D92DE8A8206F9 /* IdentifyAccountInput.graphql.swift in Sources */,
				AFD4F846005EDA81D5CFD9C2 /* IdentifyAccountMutation.graphql.swift in Sources */,
				F1AB50478B9A7E6ED2546D52 /* JSON.swift in Sources */,
				4523FE1CF831A4CAF92FC834 /* MessageTrackingEvent.swift in Sources */,
				F93F0E9E0036587BEB9A886D /* Models.swift in Sources */,
				A280F089AA8EBD338B606923 /* Mutation.graphql.swift in Sources */,
				E77DB210AD02B5BF57A63C66 /* Network.swift in Sources */,
				C1E7D3F6864AC158C3315BDF /* NetworkMonitor.swift in Sources */,
				BDB23DC3A8C68A286AB05DA6 /* PrepareAssetInput.graphql.swift in Sources */,
				9FEEB5EBCE9D57887AC6F767 /* PrepareAssetMutation.graphql.swift in Sources */,
				BC58448E5CA6B2019F84EE85 /* Query.graphql.swift in Sources */,
				A01DA7FD7C1DA8B6E84C5955 /* SaveStoredPreferencesInput.graphql.swift in Sources */,
				6937B3027B73969FE8AEA3AB /* SaveStoredPreferencesMutation.graphql.swift in Sources */,
				56EA16442E6B6AA31098BE5A /* SaveStoredPreferencesResponse.graphql.swift in Sources */,
				4FA02E799169FA91EF1CC8E2 /* SchemaConfiguration.swift in Sources */,
				E425F6FB9129EDC8EC121FDD /* SchemaMetadata.graphql.swift in Sources */,
				03569771BED4D84C87CB94CE /* SearchRecordsInput.graphql.swift in Sources */,
				54ECDD2293C6F30B7F5DEC07 /* SearchRecordsQuery.graphql.swift in Sources */,
				B3A16B7E3B2EE340EE39A716 /* SubscribeContactInput.graphql.swift in Sources */,
				E992F5E6857992C3F9830BF8 /* SubscribeContactMutation.graphql.swift in Sources */,
				AEB5ED280DCBC5C72BBC5B6C /* SystemContext.swift in Sources */,
				162ADB3D5D80FF5495B155B8 /* SystemContextAppInput.graphql.swift in Sources */,
				2BF932CA0A1725643D260065 /* SystemContextCampaignInput.graphql.swift in Sources */,
				CD0237D85D281AEC0CAA4C58 /* SystemContextDeviceInput.graphql.swift in Sources */,
				800D18B32C821FF8AF5400D2 /* SystemContextInput.graphql.swift in Sources */,
				9CF9894F42D9FE07E1294769 /* SystemContextLibraryInput.graphql.swift in Sources */,
				B23842FD8DF2A7425366E531 /* SystemContextLocationInput.graphql.swift in Sources */,
				3B3846B691EE3572114C2C65 /* SystemContextNetworkInput.graphql.swift in Sources */,
				A1CCFED6D06CC415919CFB60 /* SystemContextOsInput.graphql.swift in Sources */,
				B1D3EC3EC333E18A6F00382E /* SystemContextScreenInput.graphql.swift in Sources */,
				F4975B518434428BA4CA4E8A /* Timestamp.swift in Sources */,
				9192DB54FEBC69B6FC35F339 /* TrackEventInput.graphql.swift in Sources */,
				532EC2D9BF08BB7BB1A55A3B /* TrackEventMutation.graphql.swift in Sources */,
				BE07A28A959251510AB0DAFE /* TrackEventResponse.graphql.swift in Sources */,
				F58BBE8BEC2B71ADABABD0D7 /* TrackMessageInput.graphql.swift in Sources */,
				0A4B4B4DFA2EC6676EBC4AC1 /* TrackMessageMutation.graphql.swift in Sources */,
				A4B10D5B61EE7810D9D710D9 /* TrackMessageResponse.graphql.swift in Sources */,
				47B7B0EE00E2DD14F79C4E99 /* TrackMessageStatus.graphql.swift in Sources */,
				4FBB57B8E81D8400DE7B3C90 /* UABuilder.swift in Sources */,
				09460548D9762A55346FB409 /* UUID.swift in Sources */,
				D00E318C7E3AF31FE31B4084 /* UnsubscribeContactInput.graphql.swift in Sources */,
				7C49674BE1D6C76A587EC165 /* UnsubscribeContactMutation.graphql.swift in Sources */,
				73703E00ED231AB7B30C0C26 /* Utils.swift in Sources */,
			);
			runOnlyForDeploymentPostprocessing = 0;
		};
		5446BBB37F05B89D1BCCA080 /* Sources */ = {
			isa = PBXSourcesBuildPhase;
			buildActionMask = 2147483647;
			files = (
				07F651C6692D2894F769642F /* DashXNotificationModels.swift in Sources */,
				973970BC23158B9FE92F48BD /* DashXNotificationServiceExtension.swift in Sources */,
			);
			runOnlyForDeploymentPostprocessing = 0;
		};
/* End PBXSourcesBuildPhase section */

/* Begin XCBuildConfiguration section */
		02136B8890940FCD0AD559B4 /* Release */ = {
			isa = XCBuildConfiguration;
			buildSettings = {
				APPLICATION_EXTENSION_API_ONLY = YES;
				CODE_SIGN_IDENTITY = "";
				CURRENT_PROJECT_VERSION = 1;
				DEFINES_MODULE = YES;
				DYLIB_COMPATIBILITY_VERSION = 1;
				DYLIB_CURRENT_VERSION = 1;
				DYLIB_INSTALL_NAME_BASE = "@rpath";
				INSTALL_PATH = "$(LOCAL_LIBRARY_DIR)/Frameworks";
				LD_RUNPATH_SEARCH_PATHS = (
					"$(inherited)",
					"@executable_path/Frameworks",
				);
				MACH_O_TYPE = staticlib;
				PRODUCT_BUNDLE_IDENTIFIER = com.dashx.ios.DashXNotificationServiceExtension;
				SDKROOT = iphoneos;
				SKIP_INSTALL = YES;
				TARGETED_DEVICE_FAMILY = "1,2";
				VERSIONING_SYSTEM = "apple-generic";
			};
			name = Release;
		};
		19AAF6E28BCA8DE23B10C73E /* Release */ = {
			isa = XCBuildConfiguration;
			buildSettings = {
				ALWAYS_SEARCH_USER_PATHS = NO;
				BUILD_LIBRARIES_FOR_DISTRIBUTION = YES;
				CLANG_ANALYZER_NONNULL = YES;
				CLANG_ANALYZER_NUMBER_OBJECT_CONVERSION = YES_AGGRESSIVE;
				CLANG_CXX_LANGUAGE_STANDARD = "gnu++14";
				CLANG_CXX_LIBRARY = "libc++";
				CLANG_ENABLE_MODULES = YES;
				CLANG_ENABLE_OBJC_ARC = YES;
				CLANG_ENABLE_OBJC_WEAK = YES;
				CLANG_WARN_BLOCK_CAPTURE_AUTORELEASING = YES;
				CLANG_WARN_BOOL_CONVERSION = YES;
				CLANG_WARN_COMMA = YES;
				CLANG_WARN_CONSTANT_CONVERSION = YES;
				CLANG_WARN_DEPRECATED_OBJC_IMPLEMENTATIONS = YES;
				CLANG_WARN_DIRECT_OBJC_ISA_USAGE = YES_ERROR;
				CLANG_WARN_DOCUMENTATION_COMMENTS = YES;
				CLANG_WARN_EMPTY_BODY = YES;
				CLANG_WARN_ENUM_CONVERSION = YES;
				CLANG_WARN_INFINITE_RECURSION = YES;
				CLANG_WARN_INT_CONVERSION = YES;
				CLANG_WARN_NON_LITERAL_NULL_CONVERSION = YES;
				CLANG_WARN_OBJC_IMPLICIT_RETAIN_SELF = YES;
				CLANG_WARN_OBJC_LITERAL_CONVERSION = YES;
				CLANG_WARN_OBJC_ROOT_CLASS = YES_ERROR;
				CLANG_WARN_QUOTED_INCLUDE_IN_FRAMEWORK_HEADER = YES;
				CLANG_WARN_RANGE_LOOP_ANALYSIS = YES;
				CLANG_WARN_STRICT_PROTOTYPES = YES;
				CLANG_WARN_SUSPICIOUS_MOVE = YES;
				CLANG_WARN_UNGUARDED_AVAILABILITY = YES_AGGRESSIVE;
				CLANG_WARN_UNREACHABLE_CODE = YES;
				CLANG_WARN__DUPLICATE_METHOD_MATCH = YES;
				CODE_SIGNING_ALLOWED = NO;
				CODE_SIGNING_REQUIRED = NO;
				CODE_SIGN_IDENTITY = "";
				CODE_SIGN_STYLE = Automatic;
				COPY_PHASE_STRIP = NO;
				CURRENT_PROJECT_VERSION = 1;
				DEBUG_INFORMATION_FORMAT = "dwarf-with-dsym";
				DEFINES_MODULE = YES;
				DYLIB_INSTALL_NAME_BASE = "@rpath";
				ENABLE_NS_ASSERTIONS = NO;
				ENABLE_STRICT_OBJC_MSGSEND = YES;
				GCC_C_LANGUAGE_STANDARD = gnu11;
				GCC_NO_COMMON_BLOCKS = YES;
				GCC_WARN_64_TO_32_BIT_CONVERSION = YES;
				GCC_WARN_ABOUT_RETURN_TYPE = YES_ERROR;
				GCC_WARN_UNDECLARED_SELECTOR = YES;
				GCC_WARN_UNINITIALIZED_AUTOS = YES_AGGRESSIVE;
				GCC_WARN_UNUSED_FUNCTION = YES;
				GCC_WARN_UNUSED_VARIABLE = YES;
				GENERATE_INFOPLIST_FILE = YES;
				IPHONEOS_DEPLOYMENT_TARGET = 13.0;
				LD_RUNPATH_SEARCH_PATHS = (
					"$(inherited)",
					"@executable_path/Frameworks",
					"@loader_path/Frameworks",
				);
				MARKETING_VERSION = 1.3.1;
				MTL_ENABLE_DEBUG_INFO = NO;
				MTL_FAST_MATH = YES;
				OTHER_SWIFT_FLAGS = "$(inherited) -enable-library-evolution -emit-module-interface -package-name DashX";
				PRODUCT_NAME = "$(TARGET_NAME)";
				SDKROOT = iphoneos;
				SKIP_INSTALL = NO;
				SWIFT_COMPILATION_MODE = wholemodule;
				SWIFT_OPTIMIZATION_LEVEL = "-O";
				SWIFT_VERSION = 5.9;
			};
			name = Release;
		};
		6ADDE668C67ADB7A57CB0919 /* Release */ = {
			isa = XCBuildConfiguration;
			buildSettings = {
				CODE_SIGN_IDENTITY = "";
				CURRENT_PROJECT_VERSION = 1;
				DEFINES_MODULE = YES;
				DYLIB_COMPATIBILITY_VERSION = 1;
				DYLIB_CURRENT_VERSION = 1;
				DYLIB_INSTALL_NAME_BASE = "@rpath";
				INSTALL_PATH = "$(LOCAL_LIBRARY_DIR)/Frameworks";
				LD_RUNPATH_SEARCH_PATHS = (
					"$(inherited)",
					"@executable_path/Frameworks",
				);
				PRODUCT_BUNDLE_IDENTIFIER = com.dashx.ios.DashX;
				SDKROOT = iphoneos;
				SKIP_INSTALL = YES;
				TARGETED_DEVICE_FAMILY = "1,2";
				VERSIONING_SYSTEM = "apple-generic";
			};
			name = Release;
		};
		9276D3CB0C9A1396053F5926 /* Debug */ = {
			isa = XCBuildConfiguration;
			buildSettings = {
				APPLICATION_EXTENSION_API_ONLY = YES;
				CODE_SIGN_IDENTITY = "";
				CURRENT_PROJECT_VERSION = 1;
				DEFINES_MODULE = YES;
				DYLIB_COMPATIBILITY_VERSION = 1;
				DYLIB_CURRENT_VERSION = 1;
				DYLIB_INSTALL_NAME_BASE = "@rpath";
				INSTALL_PATH = "$(LOCAL_LIBRARY_DIR)/Frameworks";
				LD_RUNPATH_SEARCH_PATHS = (
					"$(inherited)",
					"@executable_path/Frameworks",
				);
				MACH_O_TYPE = staticlib;
				PRODUCT_BUNDLE_IDENTIFIER = com.dashx.ios.DashXNotificationServiceExtension;
				SDKROOT = iphoneos;
				SKIP_INSTALL = YES;
				TARGETED_DEVICE_FAMILY = "1,2";
				VERSIONING_SYSTEM = "apple-generic";
			};
			name = Debug;
		};
		9C409828CF323E0A84566F02 /* Debug */ = {
			isa = XCBuildConfiguration;
			buildSettings = {
				CODE_SIGN_IDENTITY = "";
				CURRENT_PROJECT_VERSION = 1;
				DEFINES_MODULE = YES;
				DYLIB_COMPATIBILITY_VERSION = 1;
				DYLIB_CURRENT_VERSION = 1;
				DYLIB_INSTALL_NAME_BASE = "@rpath";
				INSTALL_PATH = "$(LOCAL_LIBRARY_DIR)/Frameworks";
				LD_RUNPATH_SEARCH_PATHS = (
					"$(inherited)",
					"@executable_path/Frameworks",
				);
				PRODUCT_BUNDLE_IDENTIFIER = com.dashx.ios.DashX;
				SDKROOT = iphoneos;
				SKIP_INSTALL = YES;
				TARGETED_DEVICE_FAMILY = "1,2";
				VERSIONING_SYSTEM = "apple-generic";
			};
			name = Debug;
		};
		DE3FCA4B7A96226B86445F27 /* Debug */ = {
			isa = XCBuildConfiguration;
			buildSettings = {
				ALWAYS_SEARCH_USER_PATHS = NO;
				BUILD_LIBRARIES_FOR_DISTRIBUTION = YES;
				CLANG_ANALYZER_NONNULL = YES;
				CLANG_ANALYZER_NUMBER_OBJECT_CONVERSION = YES_AGGRESSIVE;
				CLANG_CXX_LANGUAGE_STANDARD = "gnu++14";
				CLANG_CXX_LIBRARY = "libc++";
				CLANG_ENABLE_MODULES = YES;
				CLANG_ENABLE_OBJC_ARC = YES;
				CLANG_ENABLE_OBJC_WEAK = YES;
				CLANG_WARN_BLOCK_CAPTURE_AUTORELEASING = YES;
				CLANG_WARN_BOOL_CONVERSION = YES;
				CLANG_WARN_COMMA = YES;
				CLANG_WARN_CONSTANT_CONVERSION = YES;
				CLANG_WARN_DEPRECATED_OBJC_IMPLEMENTATIONS = YES;
				CLANG_WARN_DIRECT_OBJC_ISA_USAGE = YES_ERROR;
				CLANG_WARN_DOCUMENTATION_COMMENTS = YES;
				CLANG_WARN_EMPTY_BODY = YES;
				CLANG_WARN_ENUM_CONVERSION = YES;
				CLANG_WARN_INFINITE_RECURSION = YES;
				CLANG_WARN_INT_CONVERSION = YES;
				CLANG_WARN_NON_LITERAL_NULL_CONVERSION = YES;
				CLANG_WARN_OBJC_IMPLICIT_RETAIN_SELF = YES;
				CLANG_WARN_OBJC_LITERAL_CONVERSION = YES;
				CLANG_WARN_OBJC_ROOT_CLASS = YES_ERROR;
				CLANG_WARN_QUOTED_INCLUDE_IN_FRAMEWORK_HEADER = YES;
				CLANG_WARN_RANGE_LOOP_ANALYSIS = YES;
				CLANG_WARN_STRICT_PROTOTYPES = YES;
				CLANG_WARN_SUSPICIOUS_MOVE = YES;
				CLANG_WARN_UNGUARDED_AVAILABILITY = YES_AGGRESSIVE;
				CLANG_WARN_UNREACHABLE_CODE = YES;
				CLANG_WARN__DUPLICATE_METHOD_MATCH = YES;
				CODE_SIGNING_ALLOWED = NO;
				CODE_SIGNING_REQUIRED = NO;
				CODE_SIGN_IDENTITY = "";
				CODE_SIGN_STYLE = Automatic;
				COPY_PHASE_STRIP = NO;
				CURRENT_PROJECT_VERSION = 1;
				DEBUG_INFORMATION_FORMAT = dwarf;
				DEFINES_MODULE = YES;
				DYLIB_INSTALL_NAME_BASE = "@rpath";
				ENABLE_STRICT_OBJC_MSGSEND = YES;
				ENABLE_TESTABILITY = YES;
				GCC_C_LANGUAGE_STANDARD = gnu11;
				GCC_DYNAMIC_NO_PIC = NO;
				GCC_NO_COMMON_BLOCKS = YES;
				GCC_OPTIMIZATION_LEVEL = 0;
				GCC_PREPROCESSOR_DEFINITIONS = (
					"$(inherited)",
					"DEBUG=1",
				);
				GCC_WARN_64_TO_32_BIT_CONVERSION = YES;
				GCC_WARN_ABOUT_RETURN_TYPE = YES_ERROR;
				GCC_WARN_UNDECLARED_SELECTOR = YES;
				GCC_WARN_UNINITIALIZED_AUTOS = YES_AGGRESSIVE;
				GCC_WARN_UNUSED_FUNCTION = YES;
				GCC_WARN_UNUSED_VARIABLE = YES;
				GENERATE_INFOPLIST_FILE = YES;
				IPHONEOS_DEPLOYMENT_TARGET = 13.0;
				LD_RUNPATH_SEARCH_PATHS = (
					"$(inherited)",
					"@executable_path/Frameworks",
					"@loader_path/Frameworks",
				);
				MARKETING_VERSION = 1.3.1;
				MTL_ENABLE_DEBUG_INFO = INCLUDE_SOURCE;
				MTL_FAST_MATH = YES;
				ONLY_ACTIVE_ARCH = YES;
				OTHER_SWIFT_FLAGS = "$(inherited) -enable-library-evolution -emit-module-interface -package-name DashX";
				PRODUCT_NAME = "$(TARGET_NAME)";
				SDKROOT = iphoneos;
				SKIP_INSTALL = NO;
				SWIFT_ACTIVE_COMPILATION_CONDITIONS = DEBUG;
				SWIFT_OPTIMIZATION_LEVEL = "-Onone";
				SWIFT_VERSION = 5.9;
			};
			name = Debug;
		};
/* End XCBuildConfiguration section */

/* Begin XCConfigurationList section */
		29C780BB651C770137EF5F4E /* Build configuration list for PBXNativeTarget "DashX" */ = {
			isa = XCConfigurationList;
			buildConfigurations = (
				9C409828CF323E0A84566F02 /* Debug */,
				6ADDE668C67ADB7A57CB0919 /* Release */,
			);
			defaultConfigurationIsVisible = 0;
			defaultConfigurationName = Debug;
		};
		36E6E4819445FA8FC81D7BF3 /* Build configuration list for PBXNativeTarget "DashXNotificationServiceExtension" */ = {
			isa = XCConfigurationList;
			buildConfigurations = (
				9276D3CB0C9A1396053F5926 /* Debug */,
				02136B8890940FCD0AD559B4 /* Release */,
			);
			defaultConfigurationIsVisible = 0;
			defaultConfigurationName = Debug;
		};
		93F43B3E06460E9F25D53C8F /* Build configuration list for PBXProject "DashX" */ = {
			isa = XCConfigurationList;
			buildConfigurations = (
				DE3FCA4B7A96226B86445F27 /* Debug */,
				19AAF6E28BCA8DE23B10C73E /* Release */,
			);
			defaultConfigurationIsVisible = 0;
			defaultConfigurationName = Debug;
		};
/* End XCConfigurationList section */

/* Begin XCRemoteSwiftPackageReference section */
		FA3DAFCC0F6729565DE9EB8F /* XCRemoteSwiftPackageReference "apollo-ios" */ = {
			isa = XCRemoteSwiftPackageReference;
			repositoryURL = "https://github.com/apollographql/apollo-ios.git";
			requirement = {
				kind = exactVersion;
				version = 1.25.3;
			};
		};
/* End XCRemoteSwiftPackageReference section */

/* Begin XCSwiftPackageProductDependency section */
		16F6E7A6BFFBD60188DE0EEB /* Apollo */ = {
			isa = XCSwiftPackageProductDependency;
			package = FA3DAFCC0F6729565DE9EB8F /* XCRemoteSwiftPackageReference "apollo-ios" */;
			productName = Apollo;
		};
		7ACD41EDD9EF462B03348AEE /* ApolloAPI */ = {
			isa = XCSwiftPackageProductDependency;
			package = FA3DAFCC0F6729565DE9EB8F /* XCRemoteSwiftPackageReference "apollo-ios" */;
			productName = ApolloAPI;
		};
/* End XCSwiftPackageProductDependency section */
	};
	rootObject = E6DA474FFB8C279DBA3F5FB7 /* Project object */;
}
